// !$*UTF8*$!
{
	archiveVersion = 1;
	classes = {
	};
	objectVersion = 51;
	objects = {

/* Begin PBXBuildFile section */
		8616F543867BED06630958C9 /* Pods_Hype.framework in Frameworks */ = {isa = PBXBuildFile; fileRef = B5996B678E9524AA1BC30564 /* Pods_Hype.framework */; };
		AF80516A22774D620086994F /* ArticleTableViewCell.swift in Sources */ = {isa = PBXBuildFile; fileRef = AF80516922774D620086994F /* ArticleTableViewCell.swift */; };
		AFE2B2A72271338600848B85 /* User.swift in Sources */ = {isa = PBXBuildFile; fileRef = AFE2B2A62271338600848B85 /* User.swift */; };
		AFE2B2A92271376D00848B85 /* Challenge.swift in Sources */ = {isa = PBXBuildFile; fileRef = AFE2B2A82271376D00848B85 /* Challenge.swift */; };
		AFE2B2AB2271387F00848B85 /* Article.swift in Sources */ = {isa = PBXBuildFile; fileRef = AFE2B2AA2271387F00848B85 /* Article.swift */; };
		AFE2B2AD2271390000848B85 /* Impact.swift in Sources */ = {isa = PBXBuildFile; fileRef = AFE2B2AC2271390000848B85 /* Impact.swift */; };
		AFE2B2AF2271397D00848B85 /* TrackableHabit.swift in Sources */ = {isa = PBXBuildFile; fileRef = AFE2B2AE2271397D00848B85 /* TrackableHabit.swift */; };
		AFE2B2B32271FE3E00848B85 /* UserController.swift in Sources */ = {isa = PBXBuildFile; fileRef = AFE2B2B22271FE3E00848B85 /* UserController.swift */; };
		AFE2B2B52272044500848B85 /* ChallengeController.swift in Sources */ = {isa = PBXBuildFile; fileRef = AFE2B2B42272044500848B85 /* ChallengeController.swift */; };
		AFE2B2B72272229000848B85 /* ArticleController.swift in Sources */ = {isa = PBXBuildFile; fileRef = AFE2B2B62272229000848B85 /* ArticleController.swift */; };
		AFE9C8B822735EC9002ED79C /* ImpactController.swift in Sources */ = {isa = PBXBuildFile; fileRef = AFE9C8B722735EC9002ED79C /* ImpactController.swift */; };
		AFE9C8BA22736025002ED79C /* TrackableHabitController.swift in Sources */ = {isa = PBXBuildFile; fileRef = AFE9C8B922736025002ED79C /* TrackableHabitController.swift */; };
		AFE9C8BE22739CAC002ED79C /* MockData.swift in Sources */ = {isa = PBXBuildFile; fileRef = AFE9C8BD22739CAC002ED79C /* MockData.swift */; };
		FA36B8932278E86500ADF1F3 /* GoogleService-Info.plist in Resources */ = {isa = PBXBuildFile; fileRef = FA36B8922278E86400ADF1F3 /* GoogleService-Info.plist */; };
		FA7462942270C33D00ACE3D9 /* AppDelegate.swift in Sources */ = {isa = PBXBuildFile; fileRef = FA7462932270C33D00ACE3D9 /* AppDelegate.swift */; };
		FA7462992270C33D00ACE3D9 /* TabBar.storyboard in Resources */ = {isa = PBXBuildFile; fileRef = FA7462972270C33D00ACE3D9 /* TabBar.storyboard */; };
		FA74629B2270C33E00ACE3D9 /* Assets.xcassets in Resources */ = {isa = PBXBuildFile; fileRef = FA74629A2270C33E00ACE3D9 /* Assets.xcassets */; };
		FA74629E2270C33E00ACE3D9 /* LaunchScreen.storyboard in Resources */ = {isa = PBXBuildFile; fileRef = FA74629C2270C33E00ACE3D9 /* LaunchScreen.storyboard */; };
		FA81B7342270DB03007210E6 /* Home.storyboard in Resources */ = {isa = PBXBuildFile; fileRef = FA81B7332270DB03007210E6 /* Home.storyboard */; };
		FA81B7362270DB25007210E6 /* Habits.storyboard in Resources */ = {isa = PBXBuildFile; fileRef = FA81B7352270DB25007210E6 /* Habits.storyboard */; };
		FA81B73A22721E4C007210E6 /* HomeViewController.swift in Sources */ = {isa = PBXBuildFile; fileRef = FA81B73922721E4C007210E6 /* HomeViewController.swift */; };
		FAABD0C822739ED700F6FD03 /* HabitsTableViewController.swift in Sources */ = {isa = PBXBuildFile; fileRef = FAABD0C722739ED700F6FD03 /* HabitsTableViewController.swift */; };
		FAABD0CA2273A0B700F6FD03 /* HabitTableViewCell.swift in Sources */ = {isa = PBXBuildFile; fileRef = FAABD0C92273A0B700F6FD03 /* HabitTableViewCell.swift */; };
		FAEA367D2277772C0046C04F /* ChallengeTableViewCell.swift in Sources */ = {isa = PBXBuildFile; fileRef = FAEA367C2277772C0046C04F /* ChallengeTableViewCell.swift */; };
		FAEA367F227797310046C04F /* SettingsTableViewController.swift in Sources */ = {isa = PBXBuildFile; fileRef = FAEA367E227797310046C04F /* SettingsTableViewController.swift */; };
		FAEA368122779AE00046C04F /* PasswordTableViewController.swift in Sources */ = {isa = PBXBuildFile; fileRef = FAEA368022779AE00046C04F /* PasswordTableViewController.swift */; };
		FAEA36832277A3060046C04F /* Recycle.storyboard in Resources */ = {isa = PBXBuildFile; fileRef = FAEA36822277A3060046C04F /* Recycle.storyboard */; };
		FAEA36852277B6D00046C04F /* NewsTableViewController.swift in Sources */ = {isa = PBXBuildFile; fileRef = FAEA36842277B6D00046C04F /* NewsTableViewController.swift */; };
		FAEA36872277B7760046C04F /* ArticleViewController.swift in Sources */ = {isa = PBXBuildFile; fileRef = FAEA36862277B7760046C04F /* ArticleViewController.swift */; };
/* End PBXBuildFile section */

/* Begin PBXFileReference section */
		AF80516922774D620086994F /* ArticleTableViewCell.swift */ = {isa = PBXFileReference; lastKnownFileType = sourcecode.swift; path = ArticleTableViewCell.swift; sourceTree = "<group>"; };
		AFE2B2A62271338600848B85 /* User.swift */ = {isa = PBXFileReference; lastKnownFileType = sourcecode.swift; path = User.swift; sourceTree = SOURCE_ROOT; };
		AFE2B2A82271376D00848B85 /* Challenge.swift */ = {isa = PBXFileReference; lastKnownFileType = sourcecode.swift; path = Challenge.swift; sourceTree = SOURCE_ROOT; };
		AFE2B2AA2271387F00848B85 /* Article.swift */ = {isa = PBXFileReference; lastKnownFileType = sourcecode.swift; path = Article.swift; sourceTree = SOURCE_ROOT; };
		AFE2B2AC2271390000848B85 /* Impact.swift */ = {isa = PBXFileReference; lastKnownFileType = sourcecode.swift; path = Impact.swift; sourceTree = SOURCE_ROOT; };
		AFE2B2AE2271397D00848B85 /* TrackableHabit.swift */ = {isa = PBXFileReference; lastKnownFileType = sourcecode.swift; path = TrackableHabit.swift; sourceTree = SOURCE_ROOT; };
		AFE2B2B22271FE3E00848B85 /* UserController.swift */ = {isa = PBXFileReference; lastKnownFileType = sourcecode.swift; path = UserController.swift; sourceTree = SOURCE_ROOT; };
		AFE2B2B42272044500848B85 /* ChallengeController.swift */ = {isa = PBXFileReference; lastKnownFileType = sourcecode.swift; path = ChallengeController.swift; sourceTree = SOURCE_ROOT; };
		AFE2B2B62272229000848B85 /* ArticleController.swift */ = {isa = PBXFileReference; lastKnownFileType = sourcecode.swift; path = ArticleController.swift; sourceTree = SOURCE_ROOT; };
		AFE9C8B722735EC9002ED79C /* ImpactController.swift */ = {isa = PBXFileReference; lastKnownFileType = sourcecode.swift; path = ImpactController.swift; sourceTree = SOURCE_ROOT; };
		AFE9C8B922736025002ED79C /* TrackableHabitController.swift */ = {isa = PBXFileReference; lastKnownFileType = sourcecode.swift; path = TrackableHabitController.swift; sourceTree = SOURCE_ROOT; };
		AFE9C8BD22739CAC002ED79C /* MockData.swift */ = {isa = PBXFileReference; lastKnownFileType = sourcecode.swift; path = MockData.swift; sourceTree = SOURCE_ROOT; };
		B5996B678E9524AA1BC30564 /* Pods_Hype.framework */ = {isa = PBXFileReference; explicitFileType = wrapper.framework; includeInIndex = 0; path = Pods_Hype.framework; sourceTree = BUILT_PRODUCTS_DIR; };
		C35C60312798A7D1027C6BF8 /* Pods-Hype.release.xcconfig */ = {isa = PBXFileReference; includeInIndex = 1; lastKnownFileType = text.xcconfig; name = "Pods-Hype.release.xcconfig"; path = "Target Support Files/Pods-Hype/Pods-Hype.release.xcconfig"; sourceTree = "<group>"; };
		E2A6B33F9FB59FC2F1DAD3BE /* Pods-Hype.debug.xcconfig */ = {isa = PBXFileReference; includeInIndex = 1; lastKnownFileType = text.xcconfig; name = "Pods-Hype.debug.xcconfig"; path = "Target Support Files/Pods-Hype/Pods-Hype.debug.xcconfig"; sourceTree = "<group>"; };
		FA36B8922278E86400ADF1F3 /* GoogleService-Info.plist */ = {isa = PBXFileReference; fileEncoding = 4; lastKnownFileType = text.plist.xml; name = "GoogleService-Info.plist"; path = "../../../../../../Downloads/GoogleService-Info.plist"; sourceTree = "<group>"; };
		FA7462902270C33D00ACE3D9 /* Hype.app */ = {isa = PBXFileReference; explicitFileType = wrapper.application; includeInIndex = 0; path = Hype.app; sourceTree = BUILT_PRODUCTS_DIR; };
		FA7462932270C33D00ACE3D9 /* AppDelegate.swift */ = {isa = PBXFileReference; lastKnownFileType = sourcecode.swift; path = AppDelegate.swift; sourceTree = "<group>"; };
		FA7462982270C33D00ACE3D9 /* Base */ = {isa = PBXFileReference; lastKnownFileType = file.storyboard; name = Base; path = Base.lproj/TabBar.storyboard; sourceTree = "<group>"; };
		FA74629A2270C33E00ACE3D9 /* Assets.xcassets */ = {isa = PBXFileReference; lastKnownFileType = folder.assetcatalog; path = Assets.xcassets; sourceTree = "<group>"; };
		FA74629D2270C33E00ACE3D9 /* Base */ = {isa = PBXFileReference; lastKnownFileType = file.storyboard; name = Base; path = Base.lproj/LaunchScreen.storyboard; sourceTree = "<group>"; };
		FA74629F2270C33E00ACE3D9 /* Info.plist */ = {isa = PBXFileReference; lastKnownFileType = text.plist.xml; path = Info.plist; sourceTree = "<group>"; };
		FA81B7332270DB03007210E6 /* Home.storyboard */ = {isa = PBXFileReference; lastKnownFileType = file.storyboard; path = Home.storyboard; sourceTree = "<group>"; };
		FA81B7352270DB25007210E6 /* Habits.storyboard */ = {isa = PBXFileReference; lastKnownFileType = file.storyboard; path = Habits.storyboard; sourceTree = "<group>"; };
		FA81B73922721E4C007210E6 /* HomeViewController.swift */ = {isa = PBXFileReference; lastKnownFileType = sourcecode.swift; path = HomeViewController.swift; sourceTree = "<group>"; };
		FA81B73F22725674007210E6 /* Extensions.swift */ = {isa = PBXFileReference; lastKnownFileType = sourcecode.swift; path = Extensions.swift; sourceTree = "<group>"; };
		FAABD0C722739ED700F6FD03 /* HabitsTableViewController.swift */ = {isa = PBXFileReference; lastKnownFileType = sourcecode.swift; path = HabitsTableViewController.swift; sourceTree = "<group>"; };
		FAABD0C92273A0B700F6FD03 /* HabitTableViewCell.swift */ = {isa = PBXFileReference; lastKnownFileType = sourcecode.swift; path = HabitTableViewCell.swift; sourceTree = "<group>"; };
		FAEA367C2277772C0046C04F /* ChallengeTableViewCell.swift */ = {isa = PBXFileReference; lastKnownFileType = sourcecode.swift; path = ChallengeTableViewCell.swift; sourceTree = "<group>"; };
		FAEA367E227797310046C04F /* SettingsTableViewController.swift */ = {isa = PBXFileReference; lastKnownFileType = sourcecode.swift; path = SettingsTableViewController.swift; sourceTree = "<group>"; };
		FAEA368022779AE00046C04F /* PasswordTableViewController.swift */ = {isa = PBXFileReference; lastKnownFileType = sourcecode.swift; path = PasswordTableViewController.swift; sourceTree = "<group>"; };
		FAEA36822277A3060046C04F /* Recycle.storyboard */ = {isa = PBXFileReference; lastKnownFileType = file.storyboard; path = Recycle.storyboard; sourceTree = "<group>"; };
		FAEA36842277B6D00046C04F /* NewsTableViewController.swift */ = {isa = PBXFileReference; lastKnownFileType = sourcecode.swift; path = NewsTableViewController.swift; sourceTree = "<group>"; };
		FAEA36862277B7760046C04F /* ArticleViewController.swift */ = {isa = PBXFileReference; lastKnownFileType = sourcecode.swift; path = ArticleViewController.swift; sourceTree = "<group>"; };
/* End PBXFileReference section */

/* Begin PBXFrameworksBuildPhase section */
		FA74628D2270C33D00ACE3D9 /* Frameworks */ = {
			isa = PBXFrameworksBuildPhase;
			buildActionMask = 2147483647;
			files = (
				8616F543867BED06630958C9 /* Pods_Hype.framework in Frameworks */,
			);
			runOnlyForDeploymentPostprocessing = 0;
		};
/* End PBXFrameworksBuildPhase section */

/* Begin PBXGroup section */
		31D75ED4FCA7F65C00C1880E /* Frameworks */ = {
			isa = PBXGroup;
			children = (
				B5996B678E9524AA1BC30564 /* Pods_Hype.framework */,
			);
			name = Frameworks;
			sourceTree = "<group>";
		};
		D34D2ED903F2DD72490A1AD9 /* Pods */ = {
			isa = PBXGroup;
			children = (
				E2A6B33F9FB59FC2F1DAD3BE /* Pods-Hype.debug.xcconfig */,
				C35C60312798A7D1027C6BF8 /* Pods-Hype.release.xcconfig */,
			);
			path = Pods;
			sourceTree = "<group>";
		};
		FA7462872270C33D00ACE3D9 = {
			isa = PBXGroup;
			children = (
				FA7462922270C33D00ACE3D9 /* Hype */,
				FA7462912270C33D00ACE3D9 /* Products */,
				D34D2ED903F2DD72490A1AD9 /* Pods */,
				31D75ED4FCA7F65C00C1880E /* Frameworks */,
			);
			sourceTree = "<group>";
		};
		FA7462912270C33D00ACE3D9 /* Products */ = {
			isa = PBXGroup;
			children = (
				FA7462902270C33D00ACE3D9 /* Hype.app */,
			);
			name = Products;
			sourceTree = "<group>";
		};
		FA7462922270C33D00ACE3D9 /* Hype */ = {
			isa = PBXGroup;
			children = (
				FA7462A52270C5E200ACE3D9 /* Models */,
				FA7462A62270C5ED00ACE3D9 /* Model Controllers */,
				FA7462A72270C5F500ACE3D9 /* View Controllers */,
				FA7462AB2270C6A400ACE3D9 /* Storyboards */,
				FA81B7322270CACB007210E6 /* Helpers */,
				FA81B7312270C704007210E6 /* Resources */,
			);
			path = Hype;
			sourceTree = "<group>";
		};
		FA7462A52270C5E200ACE3D9 /* Models */ = {
			isa = PBXGroup;
			children = (
				AFE2B2A62271338600848B85 /* User.swift */,
				AFE2B2A82271376D00848B85 /* Challenge.swift */,
				AFE2B2AA2271387F00848B85 /* Article.swift */,
				AFE2B2AC2271390000848B85 /* Impact.swift */,
				AFE2B2AE2271397D00848B85 /* TrackableHabit.swift */,
			);
			path = Models;
			sourceTree = "<group>";
		};
		FA7462A62270C5ED00ACE3D9 /* Model Controllers */ = {
			isa = PBXGroup;
			children = (
				AFE2B2B22271FE3E00848B85 /* UserController.swift */,
				AFE2B2B42272044500848B85 /* ChallengeController.swift */,
				AFE2B2B62272229000848B85 /* ArticleController.swift */,
				AFE9C8B722735EC9002ED79C /* ImpactController.swift */,
				AFE9C8B922736025002ED79C /* TrackableHabitController.swift */,
				AFE9C8BD22739CAC002ED79C /* MockData.swift */,
			);
			path = "Model Controllers";
			sourceTree = "<group>";
		};
		FA7462A72270C5F500ACE3D9 /* View Controllers */ = {
			isa = PBXGroup;
			children = (
				FA81B73922721E4C007210E6 /* HomeViewController.swift */,
				FAEA367E227797310046C04F /* SettingsTableViewController.swift */,
				FAEA368022779AE00046C04F /* PasswordTableViewController.swift */,
				FAABD0C722739ED700F6FD03 /* HabitsTableViewController.swift */,
				FAEA367C2277772C0046C04F /* ChallengeTableViewCell.swift */,
				FAABD0C92273A0B700F6FD03 /* HabitTableViewCell.swift */,
				FAEA36842277B6D00046C04F /* NewsTableViewController.swift */,
				FAEA36862277B7760046C04F /* ArticleViewController.swift */,
				AF80516922774D620086994F /* ArticleTableViewCell.swift */,
			);
			path = "View Controllers";
			sourceTree = "<group>";
		};
		FA7462AB2270C6A400ACE3D9 /* Storyboards */ = {
			isa = PBXGroup;
			children = (
				FA7462972270C33D00ACE3D9 /* TabBar.storyboard */,
				FA81B7332270DB03007210E6 /* Home.storyboard */,
				FA81B7352270DB25007210E6 /* Habits.storyboard */,
				FAEA36822277A3060046C04F /* Recycle.storyboard */,
				FA74629C2270C33E00ACE3D9 /* LaunchScreen.storyboard */,
			);
			path = Storyboards;
			sourceTree = "<group>";
		};
		FA81B7312270C704007210E6 /* Resources */ = {
			isa = PBXGroup;
			children = (
				FA7462932270C33D00ACE3D9 /* AppDelegate.swift */,
				FA74629A2270C33E00ACE3D9 /* Assets.xcassets */,
				FA36B8922278E86400ADF1F3 /* GoogleService-Info.plist */,
				FA74629F2270C33E00ACE3D9 /* Info.plist */,
			);
			path = Resources;
			sourceTree = "<group>";
		};
		FA81B7322270CACB007210E6 /* Helpers */ = {
			isa = PBXGroup;
			children = (
				FA81B73F22725674007210E6 /* Extensions.swift */,
			);
			path = Helpers;
			sourceTree = "<group>";
		};
/* End PBXGroup section */

/* Begin PBXNativeTarget section */
		FA74628F2270C33D00ACE3D9 /* Hype */ = {
			isa = PBXNativeTarget;
			buildConfigurationList = FA7462A22270C33E00ACE3D9 /* Build configuration list for PBXNativeTarget "Hype" */;
			buildPhases = (
				5DD62AB05BDE0DE982649D15 /* [CP] Check Pods Manifest.lock */,
				FA74628C2270C33D00ACE3D9 /* Sources */,
				FA74628D2270C33D00ACE3D9 /* Frameworks */,
				FA74628E2270C33D00ACE3D9 /* Resources */,
				EE56B475C586F7135AE48FF8 /* [CP] Embed Pods Frameworks */,
			);
			buildRules = (
			);
			dependencies = (
			);
			name = Hype;
			productName = Hype;
			productReference = FA7462902270C33D00ACE3D9 /* Hype.app */;
			productType = "com.apple.product-type.application";
		};
/* End PBXNativeTarget section */

/* Begin PBXProject section */
		FA7462882270C33D00ACE3D9 /* Project object */ = {
			isa = PBXProject;
			attributes = {
				LastSwiftUpdateCheck = 1020;
				LastUpgradeCheck = 1020;
				ORGANIZATIONNAME = "Kaden Staker";
				TargetAttributes = {
					FA74628F2270C33D00ACE3D9 = {
						CreatedOnToolsVersion = 10.2.1;
					};
				};
			};
			buildConfigurationList = FA74628B2270C33D00ACE3D9 /* Build configuration list for PBXProject "Hype" */;
			compatibilityVersion = "Xcode 9.3";
			developmentRegion = en;
			hasScannedForEncodings = 0;
			knownRegions = (
				en,
				Base,
			);
			mainGroup = FA7462872270C33D00ACE3D9;
			productRefGroup = FA7462912270C33D00ACE3D9 /* Products */;
			projectDirPath = "";
			projectRoot = "";
			targets = (
				FA74628F2270C33D00ACE3D9 /* Hype */,
			);
		};
/* End PBXProject section */

/* Begin PBXResourcesBuildPhase section */
		FA74628E2270C33D00ACE3D9 /* Resources */ = {
			isa = PBXResourcesBuildPhase;
			buildActionMask = 2147483647;
			files = (
				FA74629E2270C33E00ACE3D9 /* LaunchScreen.storyboard in Resources */,
<<<<<<< HEAD
				FA36B8932278E86500ADF1F3 /* GoogleService-Info.plist in Resources */,
=======
>>>>>>> hannah
				FA74629B2270C33E00ACE3D9 /* Assets.xcassets in Resources */,
				FA7462992270C33D00ACE3D9 /* TabBar.storyboard in Resources */,
				FA81B7362270DB25007210E6 /* Habits.storyboard in Resources */,
				FA81B7342270DB03007210E6 /* Home.storyboard in Resources */,
				FAEA36832277A3060046C04F /* Recycle.storyboard in Resources */,
			);
			runOnlyForDeploymentPostprocessing = 0;
		};
/* End PBXResourcesBuildPhase section */

/* Begin PBXShellScriptBuildPhase section */
		5DD62AB05BDE0DE982649D15 /* [CP] Check Pods Manifest.lock */ = {
			isa = PBXShellScriptBuildPhase;
			buildActionMask = 2147483647;
			files = (
			);
			inputFileListPaths = (
			);
			inputPaths = (
				"${PODS_PODFILE_DIR_PATH}/Podfile.lock",
				"${PODS_ROOT}/Manifest.lock",
			);
			name = "[CP] Check Pods Manifest.lock";
			outputFileListPaths = (
			);
			outputPaths = (
				"$(DERIVED_FILE_DIR)/Pods-Hype-checkManifestLockResult.txt",
			);
			runOnlyForDeploymentPostprocessing = 0;
			shellPath = /bin/sh;
			shellScript = "diff \"${PODS_PODFILE_DIR_PATH}/Podfile.lock\" \"${PODS_ROOT}/Manifest.lock\" > /dev/null\nif [ $? != 0 ] ; then\n    # print error to STDERR\n    echo \"error: The sandbox is not in sync with the Podfile.lock. Run 'pod install' or update your CocoaPods installation.\" >&2\n    exit 1\nfi\n# This output is used by Xcode 'outputs' to avoid re-running this script phase.\necho \"SUCCESS\" > \"${SCRIPT_OUTPUT_FILE_0}\"\n";
			showEnvVarsInLog = 0;
		};
		EE56B475C586F7135AE48FF8 /* [CP] Embed Pods Frameworks */ = {
			isa = PBXShellScriptBuildPhase;
			buildActionMask = 2147483647;
			files = (
			);
			inputFileListPaths = (
				"${PODS_ROOT}/Target Support Files/Pods-Hype/Pods-Hype-frameworks-${CONFIGURATION}-input-files.xcfilelist",
			);
			name = "[CP] Embed Pods Frameworks";
			outputFileListPaths = (
				"${PODS_ROOT}/Target Support Files/Pods-Hype/Pods-Hype-frameworks-${CONFIGURATION}-output-files.xcfilelist",
			);
			runOnlyForDeploymentPostprocessing = 0;
			shellPath = /bin/sh;
			shellScript = "\"${PODS_ROOT}/Target Support Files/Pods-Hype/Pods-Hype-frameworks.sh\"\n";
			showEnvVarsInLog = 0;
		};
/* End PBXShellScriptBuildPhase section */

/* Begin PBXSourcesBuildPhase section */
		FA74628C2270C33D00ACE3D9 /* Sources */ = {
			isa = PBXSourcesBuildPhase;
			buildActionMask = 2147483647;
			files = (
				AFE2B2AB2271387F00848B85 /* Article.swift in Sources */,
				AFE2B2B32271FE3E00848B85 /* UserController.swift in Sources */,
				AFE9C8B822735EC9002ED79C /* ImpactController.swift in Sources */,
				AFE2B2AD2271390000848B85 /* Impact.swift in Sources */,
				AFE2B2A72271338600848B85 /* User.swift in Sources */,
				AFE9C8BA22736025002ED79C /* TrackableHabitController.swift in Sources */,
				FAEA367F227797310046C04F /* SettingsTableViewController.swift in Sources */,
				AFE2B2A92271376D00848B85 /* Challenge.swift in Sources */,
				FAEA36852277B6D00046C04F /* NewsTableViewController.swift in Sources */,
				AFE2B2B72272229000848B85 /* ArticleController.swift in Sources */,
				FAEA367D2277772C0046C04F /* ChallengeTableViewCell.swift in Sources */,
				AFE2B2AF2271397D00848B85 /* TrackableHabit.swift in Sources */,
				AF80516A22774D620086994F /* ArticleTableViewCell.swift in Sources */,
				AFE9C8BE22739CAC002ED79C /* MockData.swift in Sources */,
				AFE2B2B52272044500848B85 /* ChallengeController.swift in Sources */,
				FA7462942270C33D00ACE3D9 /* AppDelegate.swift in Sources */,
				FAEA36872277B7760046C04F /* ArticleViewController.swift in Sources */,
				FAEA368122779AE00046C04F /* PasswordTableViewController.swift in Sources */,
				FA81B73A22721E4C007210E6 /* HomeViewController.swift in Sources */,
				FAABD0C822739ED700F6FD03 /* HabitsTableViewController.swift in Sources */,
				FAABD0CA2273A0B700F6FD03 /* HabitTableViewCell.swift in Sources */,
			);
			runOnlyForDeploymentPostprocessing = 0;
		};
/* End PBXSourcesBuildPhase section */

/* Begin PBXVariantGroup section */
		FA7462972270C33D00ACE3D9 /* TabBar.storyboard */ = {
			isa = PBXVariantGroup;
			children = (
				FA7462982270C33D00ACE3D9 /* Base */,
			);
			name = TabBar.storyboard;
			sourceTree = "<group>";
		};
		FA74629C2270C33E00ACE3D9 /* LaunchScreen.storyboard */ = {
			isa = PBXVariantGroup;
			children = (
				FA74629D2270C33E00ACE3D9 /* Base */,
			);
			name = LaunchScreen.storyboard;
			sourceTree = "<group>";
		};
/* End PBXVariantGroup section */

/* Begin XCBuildConfiguration section */
		FA7462A02270C33E00ACE3D9 /* Debug */ = {
			isa = XCBuildConfiguration;
			buildSettings = {
				ALWAYS_SEARCH_USER_PATHS = NO;
				CLANG_ANALYZER_NONNULL = YES;
				CLANG_ANALYZER_NUMBER_OBJECT_CONVERSION = YES_AGGRESSIVE;
				CLANG_CXX_LANGUAGE_STANDARD = "gnu++14";
				CLANG_CXX_LIBRARY = "libc++";
				CLANG_ENABLE_MODULES = YES;
				CLANG_ENABLE_OBJC_ARC = YES;
				CLANG_ENABLE_OBJC_WEAK = YES;
				CLANG_WARN_BLOCK_CAPTURE_AUTORELEASING = YES;
				CLANG_WARN_BOOL_CONVERSION = YES;
				CLANG_WARN_COMMA = YES;
				CLANG_WARN_CONSTANT_CONVERSION = YES;
				CLANG_WARN_DEPRECATED_OBJC_IMPLEMENTATIONS = YES;
				CLANG_WARN_DIRECT_OBJC_ISA_USAGE = YES_ERROR;
				CLANG_WARN_DOCUMENTATION_COMMENTS = YES;
				CLANG_WARN_EMPTY_BODY = YES;
				CLANG_WARN_ENUM_CONVERSION = YES;
				CLANG_WARN_INFINITE_RECURSION = YES;
				CLANG_WARN_INT_CONVERSION = YES;
				CLANG_WARN_NON_LITERAL_NULL_CONVERSION = YES;
				CLANG_WARN_OBJC_IMPLICIT_RETAIN_SELF = YES;
				CLANG_WARN_OBJC_LITERAL_CONVERSION = YES;
				CLANG_WARN_OBJC_ROOT_CLASS = YES_ERROR;
				CLANG_WARN_RANGE_LOOP_ANALYSIS = YES;
				CLANG_WARN_STRICT_PROTOTYPES = YES;
				CLANG_WARN_SUSPICIOUS_MOVE = YES;
				CLANG_WARN_UNGUARDED_AVAILABILITY = YES_AGGRESSIVE;
				CLANG_WARN_UNREACHABLE_CODE = YES;
				CLANG_WARN__DUPLICATE_METHOD_MATCH = YES;
				CODE_SIGN_IDENTITY = "iPhone Developer";
				COPY_PHASE_STRIP = NO;
				DEBUG_INFORMATION_FORMAT = dwarf;
				ENABLE_STRICT_OBJC_MSGSEND = YES;
				ENABLE_TESTABILITY = YES;
				GCC_C_LANGUAGE_STANDARD = gnu11;
				GCC_DYNAMIC_NO_PIC = NO;
				GCC_NO_COMMON_BLOCKS = YES;
				GCC_OPTIMIZATION_LEVEL = 0;
				GCC_PREPROCESSOR_DEFINITIONS = (
					"DEBUG=1",
					"$(inherited)",
				);
				GCC_WARN_64_TO_32_BIT_CONVERSION = YES;
				GCC_WARN_ABOUT_RETURN_TYPE = YES_ERROR;
				GCC_WARN_UNDECLARED_SELECTOR = YES;
				GCC_WARN_UNINITIALIZED_AUTOS = YES_AGGRESSIVE;
				GCC_WARN_UNUSED_FUNCTION = YES;
				GCC_WARN_UNUSED_VARIABLE = YES;
				IPHONEOS_DEPLOYMENT_TARGET = 12.2;
				MTL_ENABLE_DEBUG_INFO = INCLUDE_SOURCE;
				MTL_FAST_MATH = YES;
				ONLY_ACTIVE_ARCH = YES;
				SDKROOT = iphoneos;
				SWIFT_ACTIVE_COMPILATION_CONDITIONS = DEBUG;
				SWIFT_OPTIMIZATION_LEVEL = "-Onone";
			};
			name = Debug;
		};
		FA7462A12270C33E00ACE3D9 /* Release */ = {
			isa = XCBuildConfiguration;
			buildSettings = {
				ALWAYS_SEARCH_USER_PATHS = NO;
				CLANG_ANALYZER_NONNULL = YES;
				CLANG_ANALYZER_NUMBER_OBJECT_CONVERSION = YES_AGGRESSIVE;
				CLANG_CXX_LANGUAGE_STANDARD = "gnu++14";
				CLANG_CXX_LIBRARY = "libc++";
				CLANG_ENABLE_MODULES = YES;
				CLANG_ENABLE_OBJC_ARC = YES;
				CLANG_ENABLE_OBJC_WEAK = YES;
				CLANG_WARN_BLOCK_CAPTURE_AUTORELEASING = YES;
				CLANG_WARN_BOOL_CONVERSION = YES;
				CLANG_WARN_COMMA = YES;
				CLANG_WARN_CONSTANT_CONVERSION = YES;
				CLANG_WARN_DEPRECATED_OBJC_IMPLEMENTATIONS = YES;
				CLANG_WARN_DIRECT_OBJC_ISA_USAGE = YES_ERROR;
				CLANG_WARN_DOCUMENTATION_COMMENTS = YES;
				CLANG_WARN_EMPTY_BODY = YES;
				CLANG_WARN_ENUM_CONVERSION = YES;
				CLANG_WARN_INFINITE_RECURSION = YES;
				CLANG_WARN_INT_CONVERSION = YES;
				CLANG_WARN_NON_LITERAL_NULL_CONVERSION = YES;
				CLANG_WARN_OBJC_IMPLICIT_RETAIN_SELF = YES;
				CLANG_WARN_OBJC_LITERAL_CONVERSION = YES;
				CLANG_WARN_OBJC_ROOT_CLASS = YES_ERROR;
				CLANG_WARN_RANGE_LOOP_ANALYSIS = YES;
				CLANG_WARN_STRICT_PROTOTYPES = YES;
				CLANG_WARN_SUSPICIOUS_MOVE = YES;
				CLANG_WARN_UNGUARDED_AVAILABILITY = YES_AGGRESSIVE;
				CLANG_WARN_UNREACHABLE_CODE = YES;
				CLANG_WARN__DUPLICATE_METHOD_MATCH = YES;
				CODE_SIGN_IDENTITY = "iPhone Developer";
				COPY_PHASE_STRIP = NO;
				DEBUG_INFORMATION_FORMAT = "dwarf-with-dsym";
				ENABLE_NS_ASSERTIONS = NO;
				ENABLE_STRICT_OBJC_MSGSEND = YES;
				GCC_C_LANGUAGE_STANDARD = gnu11;
				GCC_NO_COMMON_BLOCKS = YES;
				GCC_WARN_64_TO_32_BIT_CONVERSION = YES;
				GCC_WARN_ABOUT_RETURN_TYPE = YES_ERROR;
				GCC_WARN_UNDECLARED_SELECTOR = YES;
				GCC_WARN_UNINITIALIZED_AUTOS = YES_AGGRESSIVE;
				GCC_WARN_UNUSED_FUNCTION = YES;
				GCC_WARN_UNUSED_VARIABLE = YES;
				IPHONEOS_DEPLOYMENT_TARGET = 12.2;
				MTL_ENABLE_DEBUG_INFO = NO;
				MTL_FAST_MATH = YES;
				SDKROOT = iphoneos;
				SWIFT_COMPILATION_MODE = wholemodule;
				SWIFT_OPTIMIZATION_LEVEL = "-O";
				VALIDATE_PRODUCT = YES;
			};
			name = Release;
		};
		FA7462A32270C33E00ACE3D9 /* Debug */ = {
			isa = XCBuildConfiguration;
			baseConfigurationReference = E2A6B33F9FB59FC2F1DAD3BE /* Pods-Hype.debug.xcconfig */;
			buildSettings = {
				ASSETCATALOG_COMPILER_APPICON_NAME = AppIcon;
				CODE_SIGN_STYLE = Automatic;
				DEVELOPMENT_TEAM = 288VUFV9XZ;
				INFOPLIST_FILE = "$(SRCROOT)/Hype/Resources/Info.plist";
				LD_RUNPATH_SEARCH_PATHS = (
					"$(inherited)",
					"@executable_path/Frameworks",
				);
				PRODUCT_BUNDLE_IDENTIFIER = com.kadenstaker.Hype;
				PRODUCT_NAME = "$(TARGET_NAME)";
				SWIFT_VERSION = 5.0;
				TARGETED_DEVICE_FAMILY = "1,2";
			};
			name = Debug;
		};
		FA7462A42270C33E00ACE3D9 /* Release */ = {
			isa = XCBuildConfiguration;
			baseConfigurationReference = C35C60312798A7D1027C6BF8 /* Pods-Hype.release.xcconfig */;
			buildSettings = {
				ASSETCATALOG_COMPILER_APPICON_NAME = AppIcon;
				CODE_SIGN_STYLE = Automatic;
				DEVELOPMENT_TEAM = 288VUFV9XZ;
				INFOPLIST_FILE = "$(SRCROOT)/Hype/Resources/Info.plist";
				LD_RUNPATH_SEARCH_PATHS = (
					"$(inherited)",
					"@executable_path/Frameworks",
				);
				PRODUCT_BUNDLE_IDENTIFIER = com.kadenstaker.Hype;
				PRODUCT_NAME = "$(TARGET_NAME)";
				SWIFT_VERSION = 5.0;
				TARGETED_DEVICE_FAMILY = "1,2";
			};
			name = Release;
		};
/* End XCBuildConfiguration section */

/* Begin XCConfigurationList section */
		FA74628B2270C33D00ACE3D9 /* Build configuration list for PBXProject "Hype" */ = {
			isa = XCConfigurationList;
			buildConfigurations = (
				FA7462A02270C33E00ACE3D9 /* Debug */,
				FA7462A12270C33E00ACE3D9 /* Release */,
			);
			defaultConfigurationIsVisible = 0;
			defaultConfigurationName = Release;
		};
		FA7462A22270C33E00ACE3D9 /* Build configuration list for PBXNativeTarget "Hype" */ = {
			isa = XCConfigurationList;
			buildConfigurations = (
				FA7462A32270C33E00ACE3D9 /* Debug */,
				FA7462A42270C33E00ACE3D9 /* Release */,
			);
			defaultConfigurationIsVisible = 0;
			defaultConfigurationName = Release;
		};
/* End XCConfigurationList section */
	};
	rootObject = FA7462882270C33D00ACE3D9 /* Project object */;
}
